
Microsoft Visual Studio Solution File, Format Version 12.00
# Visual Studio 15
VisualStudioVersion = 15.0.27703.2026
MinimumVisualStudioVersion = 10.0.40219.1
Project("{FAE04EC0-301F-11D3-BF4B-00C04F79EFBC}") = "Veniholdings.com", "Veniholdings.com\Veniholdings.com.csproj", "{DE4C2025-1F56-4351-8D3E-0D059AC31175}"
EndProject
Project("{FAE04EC0-301F-11D3-BF4B-00C04F79EFBC}") = "Veniholdings.com.Tests", "Veniholdings.com.Tests\Veniholdings.com.Tests.csproj", "{9371FC15-98FC-45EE-BA03-CF905595DA13}"
EndProject
Global
	GlobalSection(SolutionConfigurationPlatforms) = preSolution
		Debug|Any CPU = Debug|Any CPU
		Release|Any CPU = Release|Any CPU
	EndGlobalSection
	GlobalSection(ProjectConfigurationPlatforms) = postSolution
		{DE4C2025-1F56-4351-8D3E-0D059AC31175}.Debug|Any CPU.ActiveCfg = Debug|Any CPU
		{DE4C2025-1F56-4351-8D3E-0D059AC31175}.Debug|Any CPU.Build.0 = Debug|Any CPU
		{DE4C2025-1F56-4351-8D3E-0D059AC31175}.Release|Any CPU.ActiveCfg = Release|Any CPU
		{DE4C2025-1F56-4351-8D3E-0D059AC31175}.Release|Any CPU.Build.0 = Release|Any CPU
		{9371FC15-98FC-45EE-BA03-CF905595DA13}.Debug|Any CPU.ActiveCfg = Debug|Any CPU
		{9371FC15-98FC-45EE-BA03-CF905595DA13}.Debug|Any CPU.Build.0 = Debug|Any CPU
		{9371FC15-98FC-45EE-BA03-CF905595DA13}.Release|Any CPU.ActiveCfg = Release|Any CPU
		{9371FC15-98FC-45EE-BA03-CF905595DA13}.Release|Any CPU.Build.0 = Release|Any CPU
	EndGlobalSection
	GlobalSection(SolutionProperties) = preSolution
		HideSolutionNode = FALSE
	EndGlobalSection
	GlobalSection(ExtensibilityGlobals) = postSolution
		SolutionGuid = {EDE4A5BF-6794-47A9-AF64-FB9A167E231D}
	EndGlobalSection
EndGlobal
